
Microsoft Visual Studio Solution File, Format Version 12.00
# Visual Studio Version 17
VisualStudioVersion = 17.3.32922.545
MinimumVisualStudioVersion = 10.0.40219.1
Project("{FAE04EC0-301F-11D3-BF4B-00C04F79EFBC}") = "StackOverflow_Statistics", "StackOverflow_Statistics\StackOverflow_Statistics.csproj", "{50542583-C599-475A-AD5C-D24642A54C7B}"
EndProject
Global
	GlobalSection(SolutionConfigurationPlatforms) = preSolution
		Debug|Any CPU = Debug|Any CPU
		Release|Any CPU = Release|Any CPU
	EndGlobalSection
	GlobalSection(ProjectConfigurationPlatforms) = postSolution
		{50542583-C599-475A-AD5C-D24642A54C7B}.Debug|Any CPU.ActiveCfg = Debug|Any CPU
		{50542583-C599-475A-AD5C-D24642A54C7B}.Debug|Any CPU.Build.0 = Debug|Any CPU
		{50542583-C599-475A-AD5C-D24642A54C7B}.Release|Any CPU.ActiveCfg = Release|Any CPU
		{50542583-C599-475A-AD5C-D24642A54C7B}.Release|Any CPU.Build.0 = Release|Any CPU
	EndGlobalSection
	GlobalSection(SolutionProperties) = preSolution
		HideSolutionNode = FALSE
	EndGlobalSection
	GlobalSection(ExtensibilityGlobals) = postSolution
		SolutionGuid = {0081280F-E04A-4415-9609-AA36BCAEF547}
	EndGlobalSection
EndGlobal
